// !$*UTF8*$!
{
	archiveVersion = 1;
	classes = {
	};
	objectVersion = 55;
	objects = {

/* Begin PBXBuildFile section */
		C6FA90CA285011D80041653A /* AppDelegate.swift in Sources */ = {isa = PBXBuildFile; fileRef = C6FA90C9285011D80041653A /* AppDelegate.swift */; };
		C6FA90CC285011D80041653A /* SceneDelegate.swift in Sources */ = {isa = PBXBuildFile; fileRef = C6FA90CB285011D80041653A /* SceneDelegate.swift */; };
		C6FA90CE285011D80041653A /* ViewController.swift in Sources */ = {isa = PBXBuildFile; fileRef = C6FA90CD285011D80041653A /* ViewController.swift */; };
		C6FA90D1285011D80041653A /* Main.storyboard in Resources */ = {isa = PBXBuildFile; fileRef = C6FA90CF285011D80041653A /* Main.storyboard */; };
		C6FA90D3285011DB0041653A /* Assets.xcassets in Resources */ = {isa = PBXBuildFile; fileRef = C6FA90D2285011DB0041653A /* Assets.xcassets */; };
		C6FA90D6285011DB0041653A /* LaunchScreen.storyboard in Resources */ = {isa = PBXBuildFile; fileRef = C6FA90D4285011DB0041653A /* LaunchScreen.storyboard */; };
		C6FA90E1285011DB0041653A /* CalculatorTests.swift in Sources */ = {isa = PBXBuildFile; fileRef = C6FA90E0285011DB0041653A /* CalculatorTests.swift */; };
		C6FA90EB285011DB0041653A /* CalculatorUITests.swift in Sources */ = {isa = PBXBuildFile; fileRef = C6FA90EA285011DB0041653A /* CalculatorUITests.swift */; };
		C6FA90ED285011DB0041653A /* CalculatorUITestsLaunchTests.swift in Sources */ = {isa = PBXBuildFile; fileRef = C6FA90EC285011DB0041653A /* CalculatorUITestsLaunchTests.swift */; };
		C6FA90FA2850157E0041653A /* Calculator.swift in Sources */ = {isa = PBXBuildFile; fileRef = C6FA90F92850157E0041653A /* Calculator.swift */; };
/* End PBXBuildFile section */

/* Begin PBXContainerItemProxy section */
		C6FA90DD285011DB0041653A /* PBXContainerItemProxy */ = {
			isa = PBXContainerItemProxy;
			containerPortal = C6FA90BE285011D70041653A /* Project object */;
			proxyType = 1;
			remoteGlobalIDString = C6FA90C5285011D80041653A;
			remoteInfo = Calculator;
		};
		C6FA90E7285011DB0041653A /* PBXContainerItemProxy */ = {
			isa = PBXContainerItemProxy;
			containerPortal = C6FA90BE285011D70041653A /* Project object */;
			proxyType = 1;
			remoteGlobalIDString = C6FA90C5285011D80041653A;
			remoteInfo = Calculator;
		};
/* End PBXContainerItemProxy section */

/* Begin PBXFileReference section */
		C6FA90C6285011D80041653A /* Calculator.app */ = {isa = PBXFileReference; explicitFileType = wrapper.application; includeInIndex = 0; path = Calculator.app; sourceTree = BUILT_PRODUCTS_DIR; };
		C6FA90C9285011D80041653A /* AppDelegate.swift */ = {isa = PBXFileReference; lastKnownFileType = sourcecode.swift; path = AppDelegate.swift; sourceTree = "<group>"; };
		C6FA90CB285011D80041653A /* SceneDelegate.swift */ = {isa = PBXFileReference; lastKnownFileType = sourcecode.swift; path = SceneDelegate.swift; sourceTree = "<group>"; };
		C6FA90CD285011D80041653A /* ViewController.swift */ = {isa = PBXFileReference; lastKnownFileType = sourcecode.swift; path = ViewController.swift; sourceTree = "<group>"; };
		C6FA90D0285011D80041653A /* Base */ = {isa = PBXFileReference; lastKnownFileType = file.storyboard; name = Base; path = Base.lproj/Main.storyboard; sourceTree = "<group>"; };
		C6FA90D2285011DB0041653A /* Assets.xcassets */ = {isa = PBXFileReference; lastKnownFileType = folder.assetcatalog; path = Assets.xcassets; sourceTree = "<group>"; };
		C6FA90D5285011DB0041653A /* Base */ = {isa = PBXFileReference; lastKnownFileType = file.storyboard; name = Base; path = Base.lproj/LaunchScreen.storyboard; sourceTree = "<group>"; };
		C6FA90D7285011DB0041653A /* Info.plist */ = {isa = PBXFileReference; lastKnownFileType = text.plist.xml; path = Info.plist; sourceTree = "<group>"; };
		C6FA90DC285011DB0041653A /* CalculatorTests.xctest */ = {isa = PBXFileReference; explicitFileType = wrapper.cfbundle; includeInIndex = 0; path = CalculatorTests.xctest; sourceTree = BUILT_PRODUCTS_DIR; };
		C6FA90E0285011DB0041653A /* CalculatorTests.swift */ = {isa = PBXFileReference; lastKnownFileType = sourcecode.swift; path = CalculatorTests.swift; sourceTree = "<group>"; };
		C6FA90E6285011DB0041653A /* CalculatorUITests.xctest */ = {isa = PBXFileReference; explicitFileType = wrapper.cfbundle; includeInIndex = 0; path = CalculatorUITests.xctest; sourceTree = BUILT_PRODUCTS_DIR; };
		C6FA90EA285011DB0041653A /* CalculatorUITests.swift */ = {isa = PBXFileReference; lastKnownFileType = sourcecode.swift; path = CalculatorUITests.swift; sourceTree = "<group>"; };
		C6FA90EC285011DB0041653A /* CalculatorUITestsLaunchTests.swift */ = {isa = PBXFileReference; lastKnownFileType = sourcecode.swift; path = CalculatorUITestsLaunchTests.swift; sourceTree = "<group>"; };
		C6FA90F92850157E0041653A /* Calculator.swift */ = {isa = PBXFileReference; lastKnownFileType = sourcecode.swift; path = Calculator.swift; sourceTree = "<group>"; };
/* End PBXFileReference section */

/* Begin PBXFrameworksBuildPhase section */
		C6FA90C3285011D80041653A /* Frameworks */ = {
			isa = PBXFrameworksBuildPhase;
			buildActionMask = 2147483647;
			files = (
			);
			runOnlyForDeploymentPostprocessing = 0;
		};
		C6FA90D9285011DB0041653A /* Frameworks */ = {
			isa = PBXFrameworksBuildPhase;
			buildActionMask = 2147483647;
			files = (
			);
			runOnlyForDeploymentPostprocessing = 0;
		};
		C6FA90E3285011DB0041653A /* Frameworks */ = {
			isa = PBXFrameworksBuildPhase;
			buildActionMask = 2147483647;
			files = (
			);
			runOnlyForDeploymentPostprocessing = 0;
		};
/* End PBXFrameworksBuildPhase section */

/* Begin PBXGroup section */
		C6FA90BD285011D70041653A = {
			isa = PBXGroup;
			children = (
				C6FA90C8285011D80041653A /* Calculator */,
				C6FA90DF285011DB0041653A /* CalculatorTests */,
				C6FA90E9285011DB0041653A /* CalculatorUITests */,
				C6FA90C7285011D80041653A /* Products */,
			);
			sourceTree = "<group>";
		};
		C6FA90C7285011D80041653A /* Products */ = {
			isa = PBXGroup;
			children = (
				C6FA90C6285011D80041653A /* Calculator.app */,
				C6FA90DC285011DB0041653A /* CalculatorTests.xctest */,
				C6FA90E6285011DB0041653A /* CalculatorUITests.xctest */,
			);
			name = Products;
			sourceTree = "<group>";
		};
		C6FA90C8285011D80041653A /* Calculator */ = {
			isa = PBXGroup;
			children = (
				C6FA90C9285011D80041653A /* AppDelegate.swift */,
				C6FA90CB285011D80041653A /* SceneDelegate.swift */,
				C6FA90CD285011D80041653A /* ViewController.swift */,
				C6FA90CF285011D80041653A /* Main.storyboard */,
				C6FA90D2285011DB0041653A /* Assets.xcassets */,
				C6FA90D4285011DB0041653A /* LaunchScreen.storyboard */,
				C6FA90D7285011DB0041653A /* Info.plist */,
				C6FA90F92850157E0041653A /* Calculator.swift */,
			);
			path = Calculator;
			sourceTree = "<group>";
		};
		C6FA90DF285011DB0041653A /* CalculatorTests */ = {
			isa = PBXGroup;
			children = (
				C6FA90E0285011DB0041653A /* CalculatorTests.swift */,
			);
			path = CalculatorTests;
			sourceTree = "<group>";
		};
		C6FA90E9285011DB0041653A /* CalculatorUITests */ = {
			isa = PBXGroup;
			children = (
				C6FA90EA285011DB0041653A /* CalculatorUITests.swift */,
				C6FA90EC285011DB0041653A /* CalculatorUITestsLaunchTests.swift */,
			);
			path = CalculatorUITests;
			sourceTree = "<group>";
		};
/* End PBXGroup section */

/* Begin PBXNativeTarget section */
		C6FA90C5285011D80041653A /* Calculator */ = {
			isa = PBXNativeTarget;
			buildConfigurationList = C6FA90F0285011DB0041653A /* Build configuration list for PBXNativeTarget "Calculator" */;
			buildPhases = (
				C6FA90C2285011D80041653A /* Sources */,
				C6FA90C3285011D80041653A /* Frameworks */,
				C6FA90C4285011D80041653A /* Resources */,
			);
			buildRules = (
			);
			dependencies = (
			);
			name = Calculator;
			productName = Calculator;
			productReference = C6FA90C6285011D80041653A /* Calculator.app */;
			productType = "com.apple.product-type.application";
		};
		C6FA90DB285011DB0041653A /* CalculatorTests */ = {
			isa = PBXNativeTarget;
			buildConfigurationList = C6FA90F3285011DB0041653A /* Build configuration list for PBXNativeTarget "CalculatorTests" */;
			buildPhases = (
				C6FA90D8285011DB0041653A /* Sources */,
				C6FA90D9285011DB0041653A /* Frameworks */,
				C6FA90DA285011DB0041653A /* Resources */,
			);
			buildRules = (
			);
			dependencies = (
				C6FA90DE285011DB0041653A /* PBXTargetDependency */,
			);
			name = CalculatorTests;
			productName = CalculatorTests;
			productReference = C6FA90DC285011DB0041653A /* CalculatorTests.xctest */;
			productType = "com.apple.product-type.bundle.unit-test";
		};
		C6FA90E5285011DB0041653A /* CalculatorUITests */ = {
			isa = PBXNativeTarget;
			buildConfigurationList = C6FA90F6285011DB0041653A /* Build configuration list for PBXNativeTarget "CalculatorUITests" */;
			buildPhases = (
				C6FA90E2285011DB0041653A /* Sources */,
				C6FA90E3285011DB0041653A /* Frameworks */,
				C6FA90E4285011DB0041653A /* Resources */,
			);
			buildRules = (
			);
			dependencies = (
				C6FA90E8285011DB0041653A /* PBXTargetDependency */,
			);
			name = CalculatorUITests;
			productName = CalculatorUITests;
			productReference = C6FA90E6285011DB0041653A /* CalculatorUITests.xctest */;
			productType = "com.apple.product-type.bundle.ui-testing";
		};
/* End PBXNativeTarget section */

/* Begin PBXProject section */
		C6FA90BE285011D70041653A /* Project object */ = {
			isa = PBXProject;
			attributes = {
				BuildIndependentTargetsInParallel = 1;
				LastSwiftUpdateCheck = 1320;
				LastUpgradeCheck = 1320;
				TargetAttributes = {
					C6FA90C5285011D80041653A = {
						CreatedOnToolsVersion = 13.2;
					};
					C6FA90DB285011DB0041653A = {
						CreatedOnToolsVersion = 13.2;
						TestTargetID = C6FA90C5285011D80041653A;
					};
					C6FA90E5285011DB0041653A = {
						CreatedOnToolsVersion = 13.2;
						TestTargetID = C6FA90C5285011D80041653A;
					};
				};
			};
			buildConfigurationList = C6FA90C1285011D80041653A /* Build configuration list for PBXProject "Calculator" */;
			compatibilityVersion = "Xcode 13.0";
			developmentRegion = en;
			hasScannedForEncodings = 0;
			knownRegions = (
				en,
				Base,
			);
			mainGroup = C6FA90BD285011D70041653A;
			productRefGroup = C6FA90C7285011D80041653A /* Products */;
			projectDirPath = "";
			projectRoot = "";
			targets = (
				C6FA90C5285011D80041653A /* Calculator */,
				C6FA90DB285011DB0041653A /* CalculatorTests */,
				C6FA90E5285011DB0041653A /* CalculatorUITests */,
			);
		};
/* End PBXProject section */

/* Begin PBXResourcesBuildPhase section */
		C6FA90C4285011D80041653A /* Resources */ = {
			isa = PBXResourcesBuildPhase;
			buildActionMask = 2147483647;
			files = (
				C6FA90D6285011DB0041653A /* LaunchScreen.storyboard in Resources */,
				C6FA90D3285011DB0041653A /* Assets.xcassets in Resources */,
				C6FA90D1285011D80041653A /* Main.storyboard in Resources */,
			);
			runOnlyForDeploymentPostprocessing = 0;
		};
		C6FA90DA285011DB0041653A /* Resources */ = {
			isa = PBXResourcesBuildPhase;
			buildActionMask = 2147483647;
			files = (
			);
			runOnlyForDeploymentPostprocessing = 0;
		};
		C6FA90E4285011DB0041653A /* Resources */ = {
			isa = PBXResourcesBuildPhase;
			buildActionMask = 2147483647;
			files = (
			);
			runOnlyForDeploymentPostprocessing = 0;
		};
/* End PBXResourcesBuildPhase section */

/* Begin PBXSourcesBuildPhase section */
		C6FA90C2285011D80041653A /* Sources */ = {
			isa = PBXSourcesBuildPhase;
			buildActionMask = 2147483647;
			files = (
				C6FA90CE285011D80041653A /* ViewController.swift in Sources */,
				C6FA90FA2850157E0041653A /* Calculator.swift in Sources */,
				C6FA90CA285011D80041653A /* AppDelegate.swift in Sources */,
				C6FA90CC285011D80041653A /* SceneDelegate.swift in Sources */,
			);
			runOnlyForDeploymentPostprocessing = 0;
		};
		C6FA90D8285011DB0041653A /* Sources */ = {
			isa = PBXSourcesBuildPhase;
			buildActionMask = 2147483647;
			files = (
				C6FA90E1285011DB0041653A /* CalculatorTests.swift in Sources */,
			);
			runOnlyForDeploymentPostprocessing = 0;
		};
		C6FA90E2285011DB0041653A /* Sources */ = {
			isa = PBXSourcesBuildPhase;
			buildActionMask = 2147483647;
			files = (
				C6FA90ED285011DB0041653A /* CalculatorUITestsLaunchTests.swift in Sources */,
				C6FA90EB285011DB0041653A /* CalculatorUITests.swift in Sources */,
			);
			runOnlyForDeploymentPostprocessing = 0;
		};
/* End PBXSourcesBuildPhase section */

/* Begin PBXTargetDependency section */
		C6FA90DE285011DB0041653A /* PBXTargetDependency */ = {
			isa = PBXTargetDependency;
			target = C6FA90C5285011D80041653A /* Calculator */;
			targetProxy = C6FA90DD285011DB0041653A /* PBXContainerItemProxy */;
		};
		C6FA90E8285011DB0041653A /* PBXTargetDependency */ = {
			isa = PBXTargetDependency;
			target = C6FA90C5285011D80041653A /* Calculator */;
			targetProxy = C6FA90E7285011DB0041653A /* PBXContainerItemProxy */;
		};
/* End PBXTargetDependency section */

/* Begin PBXVariantGroup section */
		C6FA90CF285011D80041653A /* Main.storyboard */ = {
			isa = PBXVariantGroup;
			children = (
				C6FA90D0285011D80041653A /* Base */,
			);
			name = Main.storyboard;
			sourceTree = "<group>";
		};
		C6FA90D4285011DB0041653A /* LaunchScreen.storyboard */ = {
			isa = PBXVariantGroup;
			children = (
				C6FA90D5285011DB0041653A /* Base */,
			);
			name = LaunchScreen.storyboard;
			sourceTree = "<group>";
		};
/* End PBXVariantGroup section */

/* Begin XCBuildConfiguration section */
		C6FA90EE285011DB0041653A /* Debug */ = {
			isa = XCBuildConfiguration;
			buildSettings = {
				ALWAYS_SEARCH_USER_PATHS = NO;
				CLANG_ANALYZER_NONNULL = YES;
				CLANG_ANALYZER_NUMBER_OBJECT_CONVERSION = YES_AGGRESSIVE;
				CLANG_CXX_LANGUAGE_STANDARD = "gnu++17";
				CLANG_CXX_LIBRARY = "libc++";
				CLANG_ENABLE_MODULES = YES;
				CLANG_ENABLE_OBJC_ARC = YES;
				CLANG_ENABLE_OBJC_WEAK = YES;
				CLANG_WARN_BLOCK_CAPTURE_AUTORELEASING = YES;
				CLANG_WARN_BOOL_CONVERSION = YES;
				CLANG_WARN_COMMA = YES;
				CLANG_WARN_CONSTANT_CONVERSION = YES;
				CLANG_WARN_DEPRECATED_OBJC_IMPLEMENTATIONS = YES;
				CLANG_WARN_DIRECT_OBJC_ISA_USAGE = YES_ERROR;
				CLANG_WARN_DOCUMENTATION_COMMENTS = YES;
				CLANG_WARN_EMPTY_BODY = YES;
				CLANG_WARN_ENUM_CONVERSION = YES;
				CLANG_WARN_INFINITE_RECURSION = YES;
				CLANG_WARN_INT_CONVERSION = YES;
				CLANG_WARN_NON_LITERAL_NULL_CONVERSION = YES;
				CLANG_WARN_OBJC_IMPLICIT_RETAIN_SELF = YES;
				CLANG_WARN_OBJC_LITERAL_CONVERSION = YES;
				CLANG_WARN_OBJC_ROOT_CLASS = YES_ERROR;
				CLANG_WARN_QUOTED_INCLUDE_IN_FRAMEWORK_HEADER = YES;
				CLANG_WARN_RANGE_LOOP_ANALYSIS = YES;
				CLANG_WARN_STRICT_PROTOTYPES = YES;
				CLANG_WARN_SUSPICIOUS_MOVE = YES;
				CLANG_WARN_UNGUARDED_AVAILABILITY = YES_AGGRESSIVE;
				CLANG_WARN_UNREACHABLE_CODE = YES;
				CLANG_WARN__DUPLICATE_METHOD_MATCH = YES;
				COPY_PHASE_STRIP = NO;
				DEBUG_INFORMATION_FORMAT = dwarf;
				ENABLE_STRICT_OBJC_MSGSEND = YES;
				ENABLE_TESTABILITY = YES;
				GCC_C_LANGUAGE_STANDARD = gnu11;
				GCC_DYNAMIC_NO_PIC = NO;
				GCC_NO_COMMON_BLOCKS = YES;
				GCC_OPTIMIZATION_LEVEL = 0;
				GCC_PREPROCESSOR_DEFINITIONS = (
					"DEBUG=1",
					"$(inherited)",
				);
				GCC_WARN_64_TO_32_BIT_CONVERSION = YES;
				GCC_WARN_ABOUT_RETURN_TYPE = YES_ERROR;
				GCC_WARN_UNDECLARED_SELECTOR = YES;
				GCC_WARN_UNINITIALIZED_AUTOS = YES_AGGRESSIVE;
				GCC_WARN_UNUSED_FUNCTION = YES;
				GCC_WARN_UNUSED_VARIABLE = YES;
				IPHONEOS_DEPLOYMENT_TARGET = 15.2;
				MTL_ENABLE_DEBUG_INFO = INCLUDE_SOURCE;
				MTL_FAST_MATH = YES;
				ONLY_ACTIVE_ARCH = YES;
				SDKROOT = iphoneos;
				SWIFT_ACTIVE_COMPILATION_CONDITIONS = DEBUG;
				SWIFT_OPTIMIZATION_LEVEL = "-Onone";
			};
			name = Debug;
		};
		C6FA90EF285011DB0041653A /* Release */ = {
			isa = XCBuildConfiguration;
			buildSettings = {
				ALWAYS_SEARCH_USER_PATHS = NO;
				CLANG_ANALYZER_NONNULL = YES;
				CLANG_ANALYZER_NUMBER_OBJECT_CONVERSION = YES_AGGRESSIVE;
				CLANG_CXX_LANGUAGE_STANDARD = "gnu++17";
				CLANG_CXX_LIBRARY = "libc++";
				CLANG_ENABLE_MODULES = YES;
				CLANG_ENABLE_OBJC_ARC = YES;
				CLANG_ENABLE_OBJC_WEAK = YES;
				CLANG_WARN_BLOCK_CAPTURE_AUTORELEASING = YES;
				CLANG_WARN_BOOL_CONVERSION = YES;
				CLANG_WARN_COMMA = YES;
				CLANG_WARN_CONSTANT_CONVERSION = YES;
				CLANG_WARN_DEPRECATED_OBJC_IMPLEMENTATIONS = YES;
				CLANG_WARN_DIRECT_OBJC_ISA_USAGE = YES_ERROR;
				CLANG_WARN_DOCUMENTATION_COMMENTS = YES;
				CLANG_WARN_EMPTY_BODY = YES;
				CLANG_WARN_ENUM_CONVERSION = YES;
				CLANG_WARN_INFINITE_RECURSION = YES;
				CLANG_WARN_INT_CONVERSION = YES;
				CLANG_WARN_NON_LITERAL_NULL_CONVERSION = YES;
				CLANG_WARN_OBJC_IMPLICIT_RETAIN_SELF = YES;
				CLANG_WARN_OBJC_LITERAL_CONVERSION = YES;
				CLANG_WARN_OBJC_ROOT_CLASS = YES_ERROR;
				CLANG_WARN_QUOTED_INCLUDE_IN_FRAMEWORK_HEADER = YES;
				CLANG_WARN_RANGE_LOOP_ANALYSIS = YES;
				CLANG_WARN_STRICT_PROTOTYPES = YES;
				CLANG_WARN_SUSPICIOUS_MOVE = YES;
				CLANG_WARN_UNGUARDED_AVAILABILITY = YES_AGGRESSIVE;
				CLANG_WARN_UNREACHABLE_CODE = YES;
				CLANG_WARN__DUPLICATE_METHOD_MATCH = YES;
				COPY_PHASE_STRIP = NO;
				DEBUG_INFORMATION_FORMAT = "dwarf-with-dsym";
				ENABLE_NS_ASSERTIONS = NO;
				ENABLE_STRICT_OBJC_MSGSEND = YES;
				GCC_C_LANGUAGE_STANDARD = gnu11;
				GCC_NO_COMMON_BLOCKS = YES;
				GCC_WARN_64_TO_32_BIT_CONVERSION = YES;
				GCC_WARN_ABOUT_RETURN_TYPE = YES_ERROR;
				GCC_WARN_UNDECLARED_SELECTOR = YES;
				GCC_WARN_UNINITIALIZED_AUTOS = YES_AGGRESSIVE;
				GCC_WARN_UNUSED_FUNCTION = YES;
				GCC_WARN_UNUSED_VARIABLE = YES;
				IPHONEOS_DEPLOYMENT_TARGET = 15.2;
				MTL_ENABLE_DEBUG_INFO = NO;
				MTL_FAST_MATH = YES;
				SDKROOT = iphoneos;
				SWIFT_COMPILATION_MODE = wholemodule;
				SWIFT_OPTIMIZATION_LEVEL = "-O";
				VALIDATE_PRODUCT = YES;
			};
			name = Release;
		};
		C6FA90F1285011DB0041653A /* Debug */ = {
			isa = XCBuildConfiguration;
			buildSettings = {
				ASSETCATALOG_COMPILER_APPICON_NAME = AppIcon;
				ASSETCATALOG_COMPILER_GLOBAL_ACCENT_COLOR_NAME = AccentColor;
				CODE_SIGN_STYLE = Automatic;
				CURRENT_PROJECT_VERSION = 1;
				GENERATE_INFOPLIST_FILE = YES;
				INFOPLIST_FILE = Calculator/Info.plist;
				INFOPLIST_KEY_UIApplicationSupportsIndirectInputEvents = YES;
				INFOPLIST_KEY_UILaunchStoryboardName = LaunchScreen;
				INFOPLIST_KEY_UIMainStoryboardFile = Main;
				INFOPLIST_KEY_UISupportedInterfaceOrientations_iPad = "UIInterfaceOrientationPortrait UIInterfaceOrientationPortraitUpsideDown UIInterfaceOrientationLandscapeLeft UIInterfaceOrientationLandscapeRight";
				INFOPLIST_KEY_UISupportedInterfaceOrientations_iPhone = "UIInterfaceOrientationPortrait UIInterfaceOrientationLandscapeLeft UIInterfaceOrientationLandscapeRight";
				LD_RUNPATH_SEARCH_PATHS = (
					"$(inherited)",
					"@executable_path/Frameworks",
				);
				MARKETING_VERSION = 1.0;
				PRODUCT_BUNDLE_IDENTIFIER = com.droidtapgames.Calculator;
				PRODUCT_NAME = "$(TARGET_NAME)";
				SWIFT_EMIT_LOC_STRINGS = YES;
				SWIFT_VERSION = 5.0;
				TARGETED_DEVICE_FAMILY = "1,2";
			};
			name = Debug;
		};
		C6FA90F2285011DB0041653A /* Release */ = {
			isa = XCBuildConfiguration;
			buildSettings = {
				ASSETCATALOG_COMPILER_APPICON_NAME = AppIcon;
				ASSETCATALOG_COMPILER_GLOBAL_ACCENT_COLOR_NAME = AccentColor;
				CODE_SIGN_STYLE = Automatic;
				CURRENT_PROJECT_VERSION = 1;
				GENERATE_INFOPLIST_FILE = YES;
				INFOPLIST_FILE = Calculator/Info.plist;
				INFOPLIST_KEY_UIApplicationSupportsIndirectInputEvents = YES;
				INFOPLIST_KEY_UILaunchStoryboardName = LaunchScreen;
				INFOPLIST_KEY_UIMainStoryboardFile = Main;
				INFOPLIST_KEY_UISupportedInterfaceOrientations_iPad = "UIInterfaceOrientationPortrait UIInterfaceOrientationPortraitUpsideDown UIInterfaceOrientationLandscapeLeft UIInterfaceOrientationLandscapeRight";
				INFOPLIST_KEY_UISupportedInterfaceOrientations_iPhone = "UIInterfaceOrientationPortrait UIInterfaceOrientationLandscapeLeft UIInterfaceOrientationLandscapeRight";
				LD_RUNPATH_SEARCH_PATHS = (
					"$(inherited)",
					"@executable_path/Frameworks",
				);
				MARKETING_VERSION = 1.0;
				PRODUCT_BUNDLE_IDENTIFIER = com.droidtapgames.Calculator;
				PRODUCT_NAME = "$(TARGET_NAME)";
				SWIFT_EMIT_LOC_STRINGS = YES;
				SWIFT_VERSION = 5.0;
				TARGETED_DEVICE_FAMILY = "1,2";
			};
			name = Release;
		};
		C6FA90F4285011DB0041653A /* Debug */ = {
			isa = XCBuildConfiguration;
			buildSettings = {
				ALWAYS_EMBED_SWIFT_STANDARD_LIBRARIES = YES;
				BUNDLE_LOADER = "$(TEST_HOST)";
				CODE_SIGN_STYLE = Automatic;
				CURRENT_PROJECT_VERSION = 1;
				GENERATE_INFOPLIST_FILE = YES;
				IPHONEOS_DEPLOYMENT_TARGET = 15.2;
				MARKETING_VERSION = 1.0;
				PRODUCT_BUNDLE_IDENTIFIER = com.droidtapgames.CalculatorTests;
				PRODUCT_NAME = "$(TARGET_NAME)";
				SWIFT_EMIT_LOC_STRINGS = NO;
				SWIFT_VERSION = 5.0;
				TARGETED_DEVICE_FAMILY = "1,2";
				TEST_HOST = "$(BUILT_PRODUCTS_DIR)/Calculator.app/Calculator";
			};
			name = Debug;
		};
		C6FA90F5285011DB0041653A /* Release */ = {
			isa = XCBuildConfiguration;
			buildSettings = {
				ALWAYS_EMBED_SWIFT_STANDARD_LIBRARIES = YES;
				BUNDLE_LOADER = "$(TEST_HOST)";
				CODE_SIGN_STYLE = Automatic;
				CURRENT_PROJECT_VERSION = 1;
				GENERATE_INFOPLIST_FILE = YES;
				IPHONEOS_DEPLOYMENT_TARGET = 15.2;
				MARKETING_VERSION = 1.0;
				PRODUCT_BUNDLE_IDENTIFIER = com.droidtapgames.CalculatorTests;
				PRODUCT_NAME = "$(TARGET_NAME)";
				SWIFT_EMIT_LOC_STRINGS = NO;
				SWIFT_VERSION = 5.0;
				TARGETED_DEVICE_FAMILY = "1,2";
				TEST_HOST = "$(BUILT_PRODUCTS_DIR)/Calculator.app/Calculator";
			};
			name = Release;
		};
		C6FA90F7285011DB0041653A /* Debug */ = {
			isa = XCBuildConfiguration;
			buildSettings = {
				ALWAYS_EMBED_SWIFT_STANDARD_LIBRARIES = YES;
				CODE_SIGN_STYLE = Automatic;
				CURRENT_PROJECT_VERSION = 1;
				GENERATE_INFOPLIST_FILE = YES;
				MARKETING_VERSION = 1.0;
				PRODUCT_BUNDLE_IDENTIFIER = com.droidtapgames.CalculatorUITests;
				PRODUCT_NAME = "$(TARGET_NAME)";
				SWIFT_EMIT_LOC_STRINGS = NO;
				SWIFT_VERSION = 5.0;
				TARGETED_DEVICE_FAMILY = "1,2";
				TEST_TARGET_NAME = Calculator;
			};
			name = Debug;
		};
		C6FA90F8285011DB0041653A /* Release */ = {
			isa = XCBuildConfiguration;
			buildSettings = {
				ALWAYS_EMBED_SWIFT_STANDARD_LIBRARIES = YES;
				CODE_SIGN_STYLE = Automatic;
				CURRENT_PROJECT_VERSION = 1;
				GENERATE_INFOPLIST_FILE = YES;
				MARKETING_VERSION = 1.0;
				PRODUCT_BUNDLE_IDENTIFIER = com.droidtapgames.CalculatorUITests;
				PRODUCT_NAME = "$(TARGET_NAME)";
				SWIFT_EMIT_LOC_STRINGS = NO;
				SWIFT_VERSION = 5.0;
				TARGETED_DEVICE_FAMILY = "1,2";
				TEST_TARGET_NAME = Calculator;
			};
			name = Release;
		};
/* End XCBuildConfiguration section */

/* Begin XCConfigurationList section */
		C6FA90C1285011D80041653A /* Build configuration list for PBXProject "Calculator" */ = {
			isa = XCConfigurationList;
			buildConfigurations = (
				C6FA90EE285011DB0041653A /* Debug */,
				C6FA90EF285011DB0041653A /* Release */,
			);
			defaultConfigurationIsVisible = 0;
			defaultConfigurationName = Release;
		};
		C6FA90F0285011DB0041653A /* Build configuration list for PBXNativeTarget "Calculator" */ = {
			isa = XCConfigurationList;
			buildConfigurations = (
				C6FA90F1285011DB0041653A /* Debug */,
				C6FA90F2285011DB0041653A /* Release */,
			);
			defaultConfigurationIsVisible = 0;
			defaultConfigurationName = Release;
		};
		C6FA90F3285011DB0041653A /* Build configuration list for PBXNativeTarget "CalculatorTests" */ = {
			isa = XCConfigurationList;
			buildConfigurations = (
				C6FA90F4285011DB0041653A /* Debug */,
				C6FA90F5285011DB0041653A /* Release */,
			);
			defaultConfigurationIsVisible = 0;
			defaultConfigurationName = Release;
		};
		C6FA90F6285011DB0041653A /* Build configuration list for PBXNativeTarget "CalculatorUITests" */ = {
			isa = XCConfigurationList;
			buildConfigurations = (
				C6FA90F7285011DB0041653A /* Debug */,
				C6FA90F8285011DB0041653A /* Release */,
			);
			defaultConfigurationIsVisible = 0;
			defaultConfigurationName = Release;
		};
/* End XCConfigurationList section */
	};
	rootObject = C6FA90BE285011D70041653A /* Project object */;
}
